
Microsoft Visual Studio Solution File, Format Version 12.00
# Visual Studio Version 16
VisualStudioVersion = 16.0.32802.440
MinimumVisualStudioVersion = 10.0.40219.1
Project("{FAE04EC0-301F-11D3-BF4B-00C04F79EFBC}") = "WebApplication5", "WebApplication5\WebApplication5.csproj", "{E63920AD-09F4-4705-BDCB-224573B01E33}"
EndProject
Global
	GlobalSection(SolutionConfigurationPlatforms) = preSolution
		Debug|Any CPU = Debug|Any CPU
		Release|Any CPU = Release|Any CPU
	EndGlobalSection
	GlobalSection(ProjectConfigurationPlatforms) = postSolution
		{E63920AD-09F4-4705-BDCB-224573B01E33}.Debug|Any CPU.ActiveCfg = Debug|Any CPU
		{E63920AD-09F4-4705-BDCB-224573B01E33}.Debug|Any CPU.Build.0 = Debug|Any CPU
		{E63920AD-09F4-4705-BDCB-224573B01E33}.Release|Any CPU.ActiveCfg = Release|Any CPU
		{E63920AD-09F4-4705-BDCB-224573B01E33}.Release|Any CPU.Build.0 = Release|Any CPU
	EndGlobalSection
	GlobalSection(SolutionProperties) = preSolution
		HideSolutionNode = FALSE
	EndGlobalSection
	GlobalSection(ExtensibilityGlobals) = postSolution
		SolutionGuid = {61DE9F5B-2453-4C61-ACA4-9E93383C8310}
	EndGlobalSection
EndGlobal
